
Microsoft Visual Studio Solution File, Format Version 12.00
# Visual Studio 2013
VisualStudioVersion = 12.0.30501.0
MinimumVisualStudioVersion = 10.0.40219.1
Project("{2150E333-8FDC-42A3-9474-1A3956D46DE8}") = "test", "test", "{4F6C5AA8-A666-472F-B01C-95D5DE075C67}"
EndProject
Project("{2150E333-8FDC-42A3-9474-1A3956D46DE8}") = "src", "src", "{93DC5633-7F06-4EB0-87E8-0FAC71F36873}"
EndProject
Project("{FAE04EC0-301F-11D3-BF4B-00C04F79EFBC}") = "Splunk.Logging", "..\..\src\Splunk.Logging\Splunk.Logging.csproj", "{A30EE424-1437-4F5A-9FCA-2B90A7A5DB11}"
EndProject
Project("{FAE04EC0-301F-11D3-BF4B-00C04F79EFBC}") = "unit-tests", "unit-tests.csproj", "{2218CC33-B1C9-4D4F-A0DA-AE6CEA0CA617}"
EndProject
Global
	GlobalSection(SolutionConfigurationPlatforms) = preSolution
		Debug|Any CPU = Debug|Any CPU
		Release|Any CPU = Release|Any CPU
	EndGlobalSection
	GlobalSection(ProjectConfigurationPlatforms) = postSolution
		{A30EE424-1437-4F5A-9FCA-2B90A7A5DB11}.Debug|Any CPU.ActiveCfg = Debug|Any CPU
		{A30EE424-1437-4F5A-9FCA-2B90A7A5DB11}.Debug|Any CPU.Build.0 = Debug|Any CPU
		{A30EE424-1437-4F5A-9FCA-2B90A7A5DB11}.Release|Any CPU.ActiveCfg = Release|Any CPU
		{A30EE424-1437-4F5A-9FCA-2B90A7A5DB11}.Release|Any CPU.Build.0 = Release|Any CPU
		{2218CC33-B1C9-4D4F-A0DA-AE6CEA0CA617}.Debug|Any CPU.ActiveCfg = Debug|Any CPU
		{2218CC33-B1C9-4D4F-A0DA-AE6CEA0CA617}.Debug|Any CPU.Build.0 = Debug|Any CPU
		{2218CC33-B1C9-4D4F-A0DA-AE6CEA0CA617}.Release|Any CPU.ActiveCfg = Release|Any CPU
		{2218CC33-B1C9-4D4F-A0DA-AE6CEA0CA617}.Release|Any CPU.Build.0 = Release|Any CPU
	EndGlobalSection
	GlobalSection(SolutionProperties) = preSolution
		HideSolutionNode = FALSE
	EndGlobalSection
	GlobalSection(NestedProjects) = preSolution
		{A30EE424-1437-4F5A-9FCA-2B90A7A5DB11} = {93DC5633-7F06-4EB0-87E8-0FAC71F36873}
		{2218CC33-B1C9-4D4F-A0DA-AE6CEA0CA617} = {4F6C5AA8-A666-472F-B01C-95D5DE075C67}
	EndGlobalSection
EndGlobal
